
Microsoft Visual Studio Solution File, Format Version 12.00
# Visual Studio Version 17
VisualStudioVersion = 17.8.34309.116
MinimumVisualStudioVersion = 10.0.40219.1
Project("{FAE04EC0-301F-11D3-BF4B-00C04F79EFBC}") = "StudentManagementApp", "StudentManagementApp\StudentManagementApp.csproj", "{E07A619A-D366-4FA7-9A02-AE5685D4817F}"
EndProject
Global
	GlobalSection(SolutionConfigurationPlatforms) = preSolution
		Debug|Any CPU = Debug|Any CPU
		Release|Any CPU = Release|Any CPU
	EndGlobalSection
	GlobalSection(ProjectConfigurationPlatforms) = postSolution
		{E07A619A-D366-4FA7-9A02-AE5685D4817F}.Debug|Any CPU.ActiveCfg = Debug|Any CPU
		{E07A619A-D366-4FA7-9A02-AE5685D4817F}.Debug|Any CPU.Build.0 = Debug|Any CPU
		{E07A619A-D366-4FA7-9A02-AE5685D4817F}.Release|Any CPU.ActiveCfg = Release|Any CPU
		{E07A619A-D366-4FA7-9A02-AE5685D4817F}.Release|Any CPU.Build.0 = Release|Any CPU
	EndGlobalSection
	GlobalSection(SolutionProperties) = preSolution
		HideSolutionNode = FALSE
	EndGlobalSection
	GlobalSection(ExtensibilityGlobals) = postSolution
		SolutionGuid = {5D32FF91-191C-4DA4-88BD-5465C8517C3C}
	EndGlobalSection
EndGlobal
